// !$*UTF8*$!
{
	archiveVersion = 1;
	classes = {
	};
	objectVersion = 50;
	objects = {

/* Begin PBXBuildFile section */
		BA1417CB23D63DAF00CBD72E /* AppDelegate.swift in Sources */ = {isa = PBXBuildFile; fileRef = BA1417CA23D63DAF00CBD72E /* AppDelegate.swift */; };
		BA1417CD23D63DAF00CBD72E /* SceneDelegate.swift in Sources */ = {isa = PBXBuildFile; fileRef = BA1417CC23D63DAF00CBD72E /* SceneDelegate.swift */; };
		BA1417D423D63DB200CBD72E /* Assets.xcassets in Resources */ = {isa = PBXBuildFile; fileRef = BA1417D323D63DB200CBD72E /* Assets.xcassets */; };
		BA1417D723D63DB200CBD72E /* LaunchScreen.storyboard in Resources */ = {isa = PBXBuildFile; fileRef = BA1417D523D63DB200CBD72E /* LaunchScreen.storyboard */; };
		BA1417F023D65B5100CBD72E /* TopAlbumsTableViewController.swift in Sources */ = {isa = PBXBuildFile; fileRef = BA1417EF23D65B5100CBD72E /* TopAlbumsTableViewController.swift */; };
		BA1417F323D65C0600CBD72E /* Endpoints.swift in Sources */ = {isa = PBXBuildFile; fileRef = BA1417F223D65C0600CBD72E /* Endpoints.swift */; };
		BA1417F623D65CBE00CBD72E /* AppleRSSFeedService.swift in Sources */ = {isa = PBXBuildFile; fileRef = BA1417F523D65CBE00CBD72E /* AppleRSSFeedService.swift */; };
		BA1417F923D67B4800CBD72E /* AppleRssFeedResponseModel.swift in Sources */ = {isa = PBXBuildFile; fileRef = BA1417F823D67B4800CBD72E /* AppleRssFeedResponseModel.swift */; };
		BA1417FE23D69D0200CBD72E /* ImageService.swift in Sources */ = {isa = PBXBuildFile; fileRef = BA1417FD23D69D0200CBD72E /* ImageService.swift */; };
		BAA75EAB23D8B31500E548F7 /* ServiceRequest.swift in Sources */ = {isa = PBXBuildFile; fileRef = BAA75EAA23D8B31500E548F7 /* ServiceRequest.swift */; };
		BAA75EAE23D8BE9000E548F7 /* AlbumTableViewCells.swift in Sources */ = {isa = PBXBuildFile; fileRef = BAA75EAD23D8BE9000E548F7 /* AlbumTableViewCells.swift */; };
		BAA75EB723D8C61500E548F7 /* Localizable.strings in Resources */ = {isa = PBXBuildFile; fileRef = BAA75EB923D8C61500E548F7 /* Localizable.strings */; };
		BAA75EBF23D9081200E548F7 /* EndPointsCheckTest.swift in Sources */ = {isa = PBXBuildFile; fileRef = BAA75EBE23D9081200E548F7 /* EndPointsCheckTest.swift */; };
		BAA75EC123D909D700E548F7 /* DateFormatter.swift in Sources */ = {isa = PBXBuildFile; fileRef = BAA75EC023D909D700E548F7 /* DateFormatter.swift */; };
		BAA75EC323D90BF800E548F7 /* StringExtensionsTest.swift in Sources */ = {isa = PBXBuildFile; fileRef = BAA75EC223D90BF800E548F7 /* StringExtensionsTest.swift */; };
		BAA75EC723D91FDE00E548F7 /* AppleRssFeed.json in Resources */ = {isa = PBXBuildFile; fileRef = BAA75EC623D91FDE00E548F7 /* AppleRssFeed.json */; };
		BAA75EC923D9201A00E548F7 /* AppleRssFeedModelTest.swift in Sources */ = {isa = PBXBuildFile; fileRef = BAA75EC823D9201A00E548F7 /* AppleRssFeedModelTest.swift */; };
		BAA75ECD23D9A07500E548F7 /* AlbumDetailsViewController.swift in Sources */ = {isa = PBXBuildFile; fileRef = BAA75ECC23D9A07500E548F7 /* AlbumDetailsViewController.swift */; };
		BAA75ECF23D9F37E00E548F7 /* RoundedImageView.swift in Sources */ = {isa = PBXBuildFile; fileRef = BAA75ECE23D9F37E00E548F7 /* RoundedImageView.swift */; };
		BAA75ED323DA06CD00E548F7 /* ImageServiceTest.swift in Sources */ = {isa = PBXBuildFile; fileRef = BAA75ED223DA06CD00E548F7 /* ImageServiceTest.swift */; };
		BAA75ED523DA1A1700E548F7 /* 200x200.jpg in Resources */ = {isa = PBXBuildFile; fileRef = BAA75ED423DA1A1700E548F7 /* 200x200.jpg */; };
		BAD6CA1D23DA364200585ED4 /* TopAlbumsTableViewControllerTest.swift in Sources */ = {isa = PBXBuildFile; fileRef = BAD6CA1C23DA364200585ED4 /* TopAlbumsTableViewControllerTest.swift */; };
		BAD6CA1F23DA3C1000585ED4 /* AlbumData.json in Resources */ = {isa = PBXBuildFile; fileRef = BAD6CA1E23DA3C1000585ED4 /* AlbumData.json */; };
		BAD6CA2523DA456B00585ED4 /* AlbumDetailsViewControllerTest.swift in Sources */ = {isa = PBXBuildFile; fileRef = BAD6CA2423DA456B00585ED4 /* AlbumDetailsViewControllerTest.swift */; };
/* End PBXBuildFile section */

/* Begin PBXContainerItemProxy section */
		BA1417DE23D63DB200CBD72E /* PBXContainerItemProxy */ = {
			isa = PBXContainerItemProxy;
			containerPortal = BA1417BF23D63DAF00CBD72E /* Project object */;
			proxyType = 1;
			remoteGlobalIDString = BA1417C623D63DAF00CBD72E;
			remoteInfo = "Itunes Top Album";
		};
/* End PBXContainerItemProxy section */

/* Begin PBXFileReference section */
		BA1417C723D63DAF00CBD72E /* Itunes Top Album.app */ = {isa = PBXFileReference; explicitFileType = wrapper.application; includeInIndex = 0; path = "Itunes Top Album.app"; sourceTree = BUILT_PRODUCTS_DIR; };
		BA1417CA23D63DAF00CBD72E /* AppDelegate.swift */ = {isa = PBXFileReference; lastKnownFileType = sourcecode.swift; path = AppDelegate.swift; sourceTree = "<group>"; };
		BA1417CC23D63DAF00CBD72E /* SceneDelegate.swift */ = {isa = PBXFileReference; lastKnownFileType = sourcecode.swift; path = SceneDelegate.swift; sourceTree = "<group>"; };
		BA1417D323D63DB200CBD72E /* Assets.xcassets */ = {isa = PBXFileReference; lastKnownFileType = folder.assetcatalog; path = Assets.xcassets; sourceTree = "<group>"; };
		BA1417D623D63DB200CBD72E /* Base */ = {isa = PBXFileReference; lastKnownFileType = file.storyboard; name = Base; path = Base.lproj/LaunchScreen.storyboard; sourceTree = "<group>"; };
		BA1417D823D63DB200CBD72E /* Info.plist */ = {isa = PBXFileReference; lastKnownFileType = text.plist.xml; path = Info.plist; sourceTree = "<group>"; };
		BA1417DD23D63DB200CBD72E /* Itunes Top AlbumTests.xctest */ = {isa = PBXFileReference; explicitFileType = wrapper.cfbundle; includeInIndex = 0; path = "Itunes Top AlbumTests.xctest"; sourceTree = BUILT_PRODUCTS_DIR; };
		BA1417E323D63DB200CBD72E /* Info.plist */ = {isa = PBXFileReference; lastKnownFileType = text.plist.xml; path = Info.plist; sourceTree = "<group>"; };
		BA1417EF23D65B5100CBD72E /* TopAlbumsTableViewController.swift */ = {isa = PBXFileReference; lastKnownFileType = sourcecode.swift; path = TopAlbumsTableViewController.swift; sourceTree = "<group>"; };
		BA1417F223D65C0600CBD72E /* Endpoints.swift */ = {isa = PBXFileReference; lastKnownFileType = sourcecode.swift; path = Endpoints.swift; sourceTree = "<group>"; };
		BA1417F523D65CBE00CBD72E /* AppleRSSFeedService.swift */ = {isa = PBXFileReference; lastKnownFileType = sourcecode.swift; path = AppleRSSFeedService.swift; sourceTree = "<group>"; };
		BA1417F823D67B4800CBD72E /* AppleRssFeedResponseModel.swift */ = {isa = PBXFileReference; lastKnownFileType = sourcecode.swift; path = AppleRssFeedResponseModel.swift; sourceTree = "<group>"; };
		BA1417FD23D69D0200CBD72E /* ImageService.swift */ = {isa = PBXFileReference; lastKnownFileType = sourcecode.swift; path = ImageService.swift; sourceTree = "<group>"; };
		BAA75EAA23D8B31500E548F7 /* ServiceRequest.swift */ = {isa = PBXFileReference; lastKnownFileType = sourcecode.swift; path = ServiceRequest.swift; sourceTree = "<group>"; };
		BAA75EAD23D8BE9000E548F7 /* AlbumTableViewCells.swift */ = {isa = PBXFileReference; lastKnownFileType = sourcecode.swift; path = AlbumTableViewCells.swift; sourceTree = "<group>"; };
		BAA75EB823D8C61500E548F7 /* en */ = {isa = PBXFileReference; lastKnownFileType = text.plist.strings; name = en; path = en.lproj/Localizable.strings; sourceTree = "<group>"; };
		BAA75EBA23D8C75300E548F7 /* ta */ = {isa = PBXFileReference; lastKnownFileType = text.plist.strings; name = ta; path = ta.lproj/LaunchScreen.strings; sourceTree = "<group>"; };
		BAA75EBB23D8C75300E548F7 /* ta */ = {isa = PBXFileReference; lastKnownFileType = text.plist.strings; name = ta; path = ta.lproj/Localizable.strings; sourceTree = "<group>"; };
		BAA75EBC23D8C87800E548F7 /* es */ = {isa = PBXFileReference; lastKnownFileType = text.plist.strings; name = es; path = es.lproj/LaunchScreen.strings; sourceTree = "<group>"; };
		BAA75EBD23D8C87800E548F7 /* es */ = {isa = PBXFileReference; lastKnownFileType = text.plist.strings; name = es; path = es.lproj/Localizable.strings; sourceTree = "<group>"; };
		BAA75EBE23D9081200E548F7 /* EndPointsCheckTest.swift */ = {isa = PBXFileReference; lastKnownFileType = sourcecode.swift; path = EndPointsCheckTest.swift; sourceTree = "<group>"; };
		BAA75EC023D909D700E548F7 /* DateFormatter.swift */ = {isa = PBXFileReference; lastKnownFileType = sourcecode.swift; path = DateFormatter.swift; sourceTree = "<group>"; };
		BAA75EC223D90BF800E548F7 /* StringExtensionsTest.swift */ = {isa = PBXFileReference; lastKnownFileType = sourcecode.swift; path = StringExtensionsTest.swift; sourceTree = "<group>"; };
		BAA75EC623D91FDE00E548F7 /* AppleRssFeed.json */ = {isa = PBXFileReference; lastKnownFileType = text.json; path = AppleRssFeed.json; sourceTree = "<group>"; };
		BAA75EC823D9201A00E548F7 /* AppleRssFeedModelTest.swift */ = {isa = PBXFileReference; lastKnownFileType = sourcecode.swift; path = AppleRssFeedModelTest.swift; sourceTree = "<group>"; };
		BAA75ECC23D9A07500E548F7 /* AlbumDetailsViewController.swift */ = {isa = PBXFileReference; lastKnownFileType = sourcecode.swift; path = AlbumDetailsViewController.swift; sourceTree = "<group>"; };
		BAA75ECE23D9F37E00E548F7 /* RoundedImageView.swift */ = {isa = PBXFileReference; lastKnownFileType = sourcecode.swift; path = RoundedImageView.swift; sourceTree = "<group>"; };
		BAA75ED223DA06CD00E548F7 /* ImageServiceTest.swift */ = {isa = PBXFileReference; lastKnownFileType = sourcecode.swift; path = ImageServiceTest.swift; sourceTree = "<group>"; };
		BAA75ED423DA1A1700E548F7 /* 200x200.jpg */ = {isa = PBXFileReference; lastKnownFileType = image.jpeg; path = 200x200.jpg; sourceTree = "<group>"; };
		BAD6CA1C23DA364200585ED4 /* TopAlbumsTableViewControllerTest.swift */ = {isa = PBXFileReference; lastKnownFileType = sourcecode.swift; path = TopAlbumsTableViewControllerTest.swift; sourceTree = "<group>"; };
		BAD6CA1E23DA3C1000585ED4 /* AlbumData.json */ = {isa = PBXFileReference; lastKnownFileType = text.json; path = AlbumData.json; sourceTree = "<group>"; };
		BAD6CA2423DA456B00585ED4 /* AlbumDetailsViewControllerTest.swift */ = {isa = PBXFileReference; lastKnownFileType = sourcecode.swift; path = AlbumDetailsViewControllerTest.swift; sourceTree = "<group>"; };
/* End PBXFileReference section */

/* Begin PBXFrameworksBuildPhase section */
		BA1417C423D63DAF00CBD72E /* Frameworks */ = {
			isa = PBXFrameworksBuildPhase;
			buildActionMask = 2147483647;
			files = (
			);
			runOnlyForDeploymentPostprocessing = 0;
		};
		BA1417DA23D63DB200CBD72E /* Frameworks */ = {
			isa = PBXFrameworksBuildPhase;
			buildActionMask = 2147483647;
			files = (
			);
			runOnlyForDeploymentPostprocessing = 0;
		};
/* End PBXFrameworksBuildPhase section */

/* Begin PBXGroup section */
		BA1417BE23D63DAF00CBD72E = {
			isa = PBXGroup;
			children = (
				BA1417C923D63DAF00CBD72E /* Itunes Top Album */,
				BA1417E023D63DB200CBD72E /* Itunes Top AlbumTests */,
				BA1417C823D63DAF00CBD72E /* Products */,
			);
			sourceTree = "<group>";
		};
		BA1417C823D63DAF00CBD72E /* Products */ = {
			isa = PBXGroup;
			children = (
				BA1417C723D63DAF00CBD72E /* Itunes Top Album.app */,
				BA1417DD23D63DB200CBD72E /* Itunes Top AlbumTests.xctest */,
			);
			name = Products;
			sourceTree = "<group>";
		};
		BA1417C923D63DAF00CBD72E /* Itunes Top Album */ = {
			isa = PBXGroup;
			children = (
				BAA75EB223D8C5A000E548F7 /* Localization */,
				BAA75EAC23D8BE7A00E548F7 /* TableViewCells */,
				BA1417F723D67B0A00CBD72E /* Models */,
				BA1417F423D65CA600CBD72E /* Network */,
				BA1417F123D65B8600CBD72E /* Constants */,
				BA1417EC23D64F4200CBD72E /* Controllers */,
				BA1417CA23D63DAF00CBD72E /* AppDelegate.swift */,
				BA1417CC23D63DAF00CBD72E /* SceneDelegate.swift */,
				BA1417D323D63DB200CBD72E /* Assets.xcassets */,
				BA1417D523D63DB200CBD72E /* LaunchScreen.storyboard */,
				BA1417D823D63DB200CBD72E /* Info.plist */,
				BAA75EC023D909D700E548F7 /* DateFormatter.swift */,
				BAA75ECE23D9F37E00E548F7 /* RoundedImageView.swift */,
			);
			path = "Itunes Top Album";
			sourceTree = "<group>";
		};
		BA1417E023D63DB200CBD72E /* Itunes Top AlbumTests */ = {
			isa = PBXGroup;
			children = (
				BAA75ED723DA1A4300E548F7 /* TestResources */,
				BA1417E323D63DB200CBD72E /* Info.plist */,
				BAA75ED623DA1A2200E548F7 /* Tests */,
			);
			path = "Itunes Top AlbumTests";
			sourceTree = "<group>";
		};
		BA1417EC23D64F4200CBD72E /* Controllers */ = {
			isa = PBXGroup;
			children = (
				BA1417EF23D65B5100CBD72E /* TopAlbumsTableViewController.swift */,
				BAA75ECC23D9A07500E548F7 /* AlbumDetailsViewController.swift */,
			);
			path = Controllers;
			sourceTree = "<group>";
		};
		BA1417F123D65B8600CBD72E /* Constants */ = {
			isa = PBXGroup;
			children = (
				BA1417F223D65C0600CBD72E /* Endpoints.swift */,
			);
			path = Constants;
			sourceTree = "<group>";
		};
		BA1417F423D65CA600CBD72E /* Network */ = {
			isa = PBXGroup;
			children = (
				BA1417F523D65CBE00CBD72E /* AppleRSSFeedService.swift */,
				BA1417FD23D69D0200CBD72E /* ImageService.swift */,
				BAA75EAA23D8B31500E548F7 /* ServiceRequest.swift */,
			);
			path = Network;
			sourceTree = "<group>";
		};
		BA1417F723D67B0A00CBD72E /* Models */ = {
			isa = PBXGroup;
			children = (
				BA1417F823D67B4800CBD72E /* AppleRssFeedResponseModel.swift */,
			);
			path = Models;
			sourceTree = "<group>";
		};
		BAA75EAC23D8BE7A00E548F7 /* TableViewCells */ = {
			isa = PBXGroup;
			children = (
				BAA75EAD23D8BE9000E548F7 /* AlbumTableViewCells.swift */,
			);
			path = TableViewCells;
			sourceTree = "<group>";
		};
		BAA75EB223D8C5A000E548F7 /* Localization */ = {
			isa = PBXGroup;
			children = (
				BAA75EB923D8C61500E548F7 /* Localizable.strings */,
			);
			path = Localization;
			sourceTree = "<group>";
		};
		BAA75ED623DA1A2200E548F7 /* Tests */ = {
			isa = PBXGroup;
			children = (
				BAA75EBE23D9081200E548F7 /* EndPointsCheckTest.swift */,
				BAA75EC223D90BF800E548F7 /* StringExtensionsTest.swift */,
				BAA75EC823D9201A00E548F7 /* AppleRssFeedModelTest.swift */,
				BAA75ED223DA06CD00E548F7 /* ImageServiceTest.swift */,
				BAD6CA1C23DA364200585ED4 /* TopAlbumsTableViewControllerTest.swift */,
				BAD6CA2423DA456B00585ED4 /* AlbumDetailsViewControllerTest.swift */,
			);
			path = Tests;
			sourceTree = "<group>";
		};
		BAA75ED723DA1A4300E548F7 /* TestResources */ = {
			isa = PBXGroup;
			children = (
				BAA75ED423DA1A1700E548F7 /* 200x200.jpg */,
				BAA75EC623D91FDE00E548F7 /* AppleRssFeed.json */,
				BAD6CA1E23DA3C1000585ED4 /* AlbumData.json */,
			);
			path = TestResources;
			sourceTree = "<group>";
		};
/* End PBXGroup section */

/* Begin PBXNativeTarget section */
		BA1417C623D63DAF00CBD72E /* Itunes Top Album */ = {
			isa = PBXNativeTarget;
			buildConfigurationList = BA1417E623D63DB200CBD72E /* Build configuration list for PBXNativeTarget "Itunes Top Album" */;
			buildPhases = (
				BA1417C323D63DAF00CBD72E /* Sources */,
				BA1417C423D63DAF00CBD72E /* Frameworks */,
				BA1417C523D63DAF00CBD72E /* Resources */,
			);
			buildRules = (
			);
			dependencies = (
			);
			name = "Itunes Top Album";
			productName = "Itunes Top Album";
			productReference = BA1417C723D63DAF00CBD72E /* Itunes Top Album.app */;
			productType = "com.apple.product-type.application";
		};
		BA1417DC23D63DB200CBD72E /* Itunes Top AlbumTests */ = {
			isa = PBXNativeTarget;
			buildConfigurationList = BA1417E923D63DB200CBD72E /* Build configuration list for PBXNativeTarget "Itunes Top AlbumTests" */;
			buildPhases = (
				BA1417D923D63DB200CBD72E /* Sources */,
				BA1417DA23D63DB200CBD72E /* Frameworks */,
				BA1417DB23D63DB200CBD72E /* Resources */,
			);
			buildRules = (
			);
			dependencies = (
				BA1417DF23D63DB200CBD72E /* PBXTargetDependency */,
			);
			name = "Itunes Top AlbumTests";
			productName = "Itunes Top AlbumTests";
			productReference = BA1417DD23D63DB200CBD72E /* Itunes Top AlbumTests.xctest */;
			productType = "com.apple.product-type.bundle.unit-test";
		};
/* End PBXNativeTarget section */

/* Begin PBXProject section */
		BA1417BF23D63DAF00CBD72E /* Project object */ = {
			isa = PBXProject;
			attributes = {
				LastSwiftUpdateCheck = 1130;
				LastUpgradeCheck = 1130;
				ORGANIZATIONNAME = "Dhanasekarapandian Srinivasan";
				TargetAttributes = {
					BA1417C623D63DAF00CBD72E = {
						CreatedOnToolsVersion = 11.3.1;
					};
					BA1417DC23D63DB200CBD72E = {
						CreatedOnToolsVersion = 11.3.1;
						TestTargetID = BA1417C623D63DAF00CBD72E;
					};
				};
			};
			buildConfigurationList = BA1417C223D63DAF00CBD72E /* Build configuration list for PBXProject "Itunes Top Album" */;
			compatibilityVersion = "Xcode 9.3";
			developmentRegion = en;
			hasScannedForEncodings = 0;
			knownRegions = (
				en,
				Base,
				ta,
				es,
			);
			mainGroup = BA1417BE23D63DAF00CBD72E;
			productRefGroup = BA1417C823D63DAF00CBD72E /* Products */;
			projectDirPath = "";
			projectRoot = "";
			targets = (
				BA1417C623D63DAF00CBD72E /* Itunes Top Album */,
				BA1417DC23D63DB200CBD72E /* Itunes Top AlbumTests */,
			);
		};
/* End PBXProject section */

/* Begin PBXResourcesBuildPhase section */
		BA1417C523D63DAF00CBD72E /* Resources */ = {
			isa = PBXResourcesBuildPhase;
			buildActionMask = 2147483647;
			files = (
				BA1417D723D63DB200CBD72E /* LaunchScreen.storyboard in Resources */,
				BAA75EB723D8C61500E548F7 /* Localizable.strings in Resources */,
				BA1417D423D63DB200CBD72E /* Assets.xcassets in Resources */,
			);
			runOnlyForDeploymentPostprocessing = 0;
		};
		BA1417DB23D63DB200CBD72E /* Resources */ = {
			isa = PBXResourcesBuildPhase;
			buildActionMask = 2147483647;
			files = (
				BAA75ED523DA1A1700E548F7 /* 200x200.jpg in Resources */,
				BAD6CA1F23DA3C1000585ED4 /* AlbumData.json in Resources */,
				BAA75EC723D91FDE00E548F7 /* AppleRssFeed.json in Resources */,
			);
			runOnlyForDeploymentPostprocessing = 0;
		};
/* End PBXResourcesBuildPhase section */

/* Begin PBXSourcesBuildPhase section */
		BA1417C323D63DAF00CBD72E /* Sources */ = {
			isa = PBXSourcesBuildPhase;
			buildActionMask = 2147483647;
			files = (
				BA1417F623D65CBE00CBD72E /* AppleRSSFeedService.swift in Sources */,
				BAA75EAE23D8BE9000E548F7 /* AlbumTableViewCells.swift in Sources */,
				BAA75EC123D909D700E548F7 /* DateFormatter.swift in Sources */,
				BA1417FE23D69D0200CBD72E /* ImageService.swift in Sources */,
				BAA75ECD23D9A07500E548F7 /* AlbumDetailsViewController.swift in Sources */,
				BAA75ECF23D9F37E00E548F7 /* RoundedImageView.swift in Sources */,
				BAA75EAB23D8B31500E548F7 /* ServiceRequest.swift in Sources */,
				BA1417CB23D63DAF00CBD72E /* AppDelegate.swift in Sources */,
				BA1417CD23D63DAF00CBD72E /* SceneDelegate.swift in Sources */,
				BA1417F023D65B5100CBD72E /* TopAlbumsTableViewController.swift in Sources */,
				BA1417F323D65C0600CBD72E /* Endpoints.swift in Sources */,
				BA1417F923D67B4800CBD72E /* AppleRssFeedResponseModel.swift in Sources */,
			);
			runOnlyForDeploymentPostprocessing = 0;
		};
		BA1417D923D63DB200CBD72E /* Sources */ = {
			isa = PBXSourcesBuildPhase;
			buildActionMask = 2147483647;
			files = (
				BAA75EC323D90BF800E548F7 /* StringExtensionsTest.swift in Sources */,
				BAD6CA2523DA456B00585ED4 /* AlbumDetailsViewControllerTest.swift in Sources */,
				BAA75ED323DA06CD00E548F7 /* ImageServiceTest.swift in Sources */,
				BAA75EBF23D9081200E548F7 /* EndPointsCheckTest.swift in Sources */,
				BAA75EC923D9201A00E548F7 /* AppleRssFeedModelTest.swift in Sources */,
				BAD6CA1D23DA364200585ED4 /* TopAlbumsTableViewControllerTest.swift in Sources */,
			);
			runOnlyForDeploymentPostprocessing = 0;
		};
/* End PBXSourcesBuildPhase section */

/* Begin PBXTargetDependency section */
		BA1417DF23D63DB200CBD72E /* PBXTargetDependency */ = {
			isa = PBXTargetDependency;
			target = BA1417C623D63DAF00CBD72E /* Itunes Top Album */;
			targetProxy = BA1417DE23D63DB200CBD72E /* PBXContainerItemProxy */;
		};
/* End PBXTargetDependency section */

/* Begin PBXVariantGroup section */
		BA1417D523D63DB200CBD72E /* LaunchScreen.storyboard */ = {
			isa = PBXVariantGroup;
			children = (
				BA1417D623D63DB200CBD72E /* Base */,
				BAA75EBA23D8C75300E548F7 /* ta */,
				BAA75EBC23D8C87800E548F7 /* es */,
			);
			name = LaunchScreen.storyboard;
			sourceTree = "<group>";
		};
		BAA75EB923D8C61500E548F7 /* Localizable.strings */ = {
			isa = PBXVariantGroup;
			children = (
				BAA75EB823D8C61500E548F7 /* en */,
				BAA75EBB23D8C75300E548F7 /* ta */,
				BAA75EBD23D8C87800E548F7 /* es */,
			);
			name = Localizable.strings;
			sourceTree = "<group>";
		};
/* End PBXVariantGroup section */

/* Begin XCBuildConfiguration section */
		BA1417E423D63DB200CBD72E /* Debug */ = {
			isa = XCBuildConfiguration;
			buildSettings = {
				ALWAYS_SEARCH_USER_PATHS = NO;
				CLANG_ANALYZER_LOCALIZABILITY_NONLOCALIZED = YES;
				CLANG_ANALYZER_NONNULL = YES;
				CLANG_ANALYZER_NUMBER_OBJECT_CONVERSION = YES_AGGRESSIVE;
				CLANG_CXX_LANGUAGE_STANDARD = "gnu++14";
				CLANG_CXX_LIBRARY = "libc++";
				CLANG_ENABLE_MODULES = YES;
				CLANG_ENABLE_OBJC_ARC = YES;
				CLANG_ENABLE_OBJC_WEAK = YES;
				CLANG_WARN_BLOCK_CAPTURE_AUTORELEASING = YES;
				CLANG_WARN_BOOL_CONVERSION = YES;
				CLANG_WARN_COMMA = YES;
				CLANG_WARN_CONSTANT_CONVERSION = YES;
				CLANG_WARN_DEPRECATED_OBJC_IMPLEMENTATIONS = YES;
				CLANG_WARN_DIRECT_OBJC_ISA_USAGE = YES_ERROR;
				CLANG_WARN_DOCUMENTATION_COMMENTS = YES;
				CLANG_WARN_EMPTY_BODY = YES;
				CLANG_WARN_ENUM_CONVERSION = YES;
				CLANG_WARN_INFINITE_RECURSION = YES;
				CLANG_WARN_INT_CONVERSION = YES;
				CLANG_WARN_NON_LITERAL_NULL_CONVERSION = YES;
				CLANG_WARN_OBJC_IMPLICIT_RETAIN_SELF = YES;
				CLANG_WARN_OBJC_LITERAL_CONVERSION = YES;
				CLANG_WARN_OBJC_ROOT_CLASS = YES_ERROR;
				CLANG_WARN_RANGE_LOOP_ANALYSIS = YES;
				CLANG_WARN_STRICT_PROTOTYPES = YES;
				CLANG_WARN_SUSPICIOUS_MOVE = YES;
				CLANG_WARN_UNGUARDED_AVAILABILITY = YES_AGGRESSIVE;
				CLANG_WARN_UNREACHABLE_CODE = YES;
				CLANG_WARN__DUPLICATE_METHOD_MATCH = YES;
				COPY_PHASE_STRIP = NO;
				DEBUG_INFORMATION_FORMAT = dwarf;
				ENABLE_STRICT_OBJC_MSGSEND = YES;
				ENABLE_TESTABILITY = YES;
				GCC_C_LANGUAGE_STANDARD = gnu11;
				GCC_DYNAMIC_NO_PIC = NO;
				GCC_NO_COMMON_BLOCKS = YES;
				GCC_OPTIMIZATION_LEVEL = 0;
				GCC_PREPROCESSOR_DEFINITIONS = (
					"DEBUG=1",
					"$(inherited)",
				);
				GCC_WARN_64_TO_32_BIT_CONVERSION = YES;
				GCC_WARN_ABOUT_RETURN_TYPE = YES_ERROR;
				GCC_WARN_UNDECLARED_SELECTOR = YES;
				GCC_WARN_UNINITIALIZED_AUTOS = YES_AGGRESSIVE;
				GCC_WARN_UNUSED_FUNCTION = YES;
				GCC_WARN_UNUSED_VARIABLE = YES;
				IPHONEOS_DEPLOYMENT_TARGET = 13.2;
				MTL_ENABLE_DEBUG_INFO = INCLUDE_SOURCE;
				MTL_FAST_MATH = YES;
				ONLY_ACTIVE_ARCH = YES;
				SDKROOT = iphoneos;
				SWIFT_ACTIVE_COMPILATION_CONDITIONS = DEBUG;
				SWIFT_OPTIMIZATION_LEVEL = "-Onone";
			};
			name = Debug;
		};
		BA1417E523D63DB200CBD72E /* Release */ = {
			isa = XCBuildConfiguration;
			buildSettings = {
				ALWAYS_SEARCH_USER_PATHS = NO;
				CLANG_ANALYZER_LOCALIZABILITY_NONLOCALIZED = YES;
				CLANG_ANALYZER_NONNULL = YES;
				CLANG_ANALYZER_NUMBER_OBJECT_CONVERSION = YES_AGGRESSIVE;
				CLANG_CXX_LANGUAGE_STANDARD = "gnu++14";
				CLANG_CXX_LIBRARY = "libc++";
				CLANG_ENABLE_MODULES = YES;
				CLANG_ENABLE_OBJC_ARC = YES;
				CLANG_ENABLE_OBJC_WEAK = YES;
				CLANG_WARN_BLOCK_CAPTURE_AUTORELEASING = YES;
				CLANG_WARN_BOOL_CONVERSION = YES;
				CLANG_WARN_COMMA = YES;
				CLANG_WARN_CONSTANT_CONVERSION = YES;
				CLANG_WARN_DEPRECATED_OBJC_IMPLEMENTATIONS = YES;
				CLANG_WARN_DIRECT_OBJC_ISA_USAGE = YES_ERROR;
				CLANG_WARN_DOCUMENTATION_COMMENTS = YES;
				CLANG_WARN_EMPTY_BODY = YES;
				CLANG_WARN_ENUM_CONVERSION = YES;
				CLANG_WARN_INFINITE_RECURSION = YES;
				CLANG_WARN_INT_CONVERSION = YES;
				CLANG_WARN_NON_LITERAL_NULL_CONVERSION = YES;
				CLANG_WARN_OBJC_IMPLICIT_RETAIN_SELF = YES;
				CLANG_WARN_OBJC_LITERAL_CONVERSION = YES;
				CLANG_WARN_OBJC_ROOT_CLASS = YES_ERROR;
				CLANG_WARN_RANGE_LOOP_ANALYSIS = YES;
				CLANG_WARN_STRICT_PROTOTYPES = YES;
				CLANG_WARN_SUSPICIOUS_MOVE = YES;
				CLANG_WARN_UNGUARDED_AVAILABILITY = YES_AGGRESSIVE;
				CLANG_WARN_UNREACHABLE_CODE = YES;
				CLANG_WARN__DUPLICATE_METHOD_MATCH = YES;
				COPY_PHASE_STRIP = NO;
				DEBUG_INFORMATION_FORMAT = "dwarf-with-dsym";
				ENABLE_NS_ASSERTIONS = NO;
				ENABLE_STRICT_OBJC_MSGSEND = YES;
				GCC_C_LANGUAGE_STANDARD = gnu11;
				GCC_NO_COMMON_BLOCKS = YES;
				GCC_WARN_64_TO_32_BIT_CONVERSION = YES;
				GCC_WARN_ABOUT_RETURN_TYPE = YES_ERROR;
				GCC_WARN_UNDECLARED_SELECTOR = YES;
				GCC_WARN_UNINITIALIZED_AUTOS = YES_AGGRESSIVE;
				GCC_WARN_UNUSED_FUNCTION = YES;
				GCC_WARN_UNUSED_VARIABLE = YES;
				IPHONEOS_DEPLOYMENT_TARGET = 13.2;
				MTL_ENABLE_DEBUG_INFO = NO;
				MTL_FAST_MATH = YES;
				SDKROOT = iphoneos;
				SWIFT_COMPILATION_MODE = wholemodule;
				SWIFT_OPTIMIZATION_LEVEL = "-O";
				VALIDATE_PRODUCT = YES;
			};
			name = Release;
		};
		BA1417E723D63DB200CBD72E /* Debug */ = {
			isa = XCBuildConfiguration;
			buildSettings = {
				ASSETCATALOG_COMPILER_APPICON_NAME = AppIcon;
				CODE_SIGN_STYLE = Automatic;
				DEVELOPMENT_TEAM = 49N3E55H55;
				INFOPLIST_FILE = "Itunes Top Album/Info.plist";
				IPHONEOS_DEPLOYMENT_TARGET = 11.0;
				LD_RUNPATH_SEARCH_PATHS = (
					"$(inherited)",
					"@executable_path/Frameworks",
				);
				PRODUCT_BUNDLE_IDENTIFIER = "io.raavaanan.Itunes-Top-Album";
				PRODUCT_NAME = "$(TARGET_NAME)";
				SWIFT_VERSION = 5.0;
				TARGETED_DEVICE_FAMILY = "1,2";
			};
			name = Debug;
		};
		BA1417E823D63DB200CBD72E /* Release */ = {
			isa = XCBuildConfiguration;
			buildSettings = {
				ASSETCATALOG_COMPILER_APPICON_NAME = AppIcon;
				CODE_SIGN_STYLE = Automatic;
				DEVELOPMENT_TEAM = 49N3E55H55;
				INFOPLIST_FILE = "Itunes Top Album/Info.plist";
				IPHONEOS_DEPLOYMENT_TARGET = 11.0;
				LD_RUNPATH_SEARCH_PATHS = (
					"$(inherited)",
					"@executable_path/Frameworks",
				);
				PRODUCT_BUNDLE_IDENTIFIER = "io.raavaanan.Itunes-Top-Album";
				PRODUCT_NAME = "$(TARGET_NAME)";
				SWIFT_VERSION = 5.0;
				TARGETED_DEVICE_FAMILY = "1,2";
			};
			name = Release;
		};
		BA1417EA23D63DB200CBD72E /* Debug */ = {
			isa = XCBuildConfiguration;
			buildSettings = {
				ALWAYS_EMBED_SWIFT_STANDARD_LIBRARIES = YES;
				BUNDLE_LOADER = "$(TEST_HOST)";
				CODE_SIGN_STYLE = Automatic;
				DEVELOPMENT_TEAM = 49N3E55H55;
				INFOPLIST_FILE = "Itunes Top AlbumTests/Info.plist";
				IPHONEOS_DEPLOYMENT_TARGET = 13.2;
				LD_RUNPATH_SEARCH_PATHS = (
					"$(inherited)",
					"@executable_path/Frameworks",
					"@loader_path/Frameworks",
				);
				PRODUCT_BUNDLE_IDENTIFIER = "io.raavaanan.Itunes-Top-AlbumTests";
				PRODUCT_NAME = "$(TARGET_NAME)";
				SWIFT_VERSION = 5.0;
				TARGETED_DEVICE_FAMILY = "1,2";
				TEST_HOST = "$(BUILT_PRODUCTS_DIR)/Itunes Top Album.app/Itunes Top Album";
			};
			name = Debug;
		};
		BA1417EB23D63DB200CBD72E /* Release */ = {
			isa = XCBuildConfiguration;
			buildSettings = {
				ALWAYS_EMBED_SWIFT_STANDARD_LIBRARIES = YES;
				BUNDLE_LOADER = "$(TEST_HOST)";
				CODE_SIGN_STYLE = Automatic;
				DEVELOPMENT_TEAM = 49N3E55H55;
				INFOPLIST_FILE = "Itunes Top AlbumTests/Info.plist";
				IPHONEOS_DEPLOYMENT_TARGET = 13.2;
				LD_RUNPATH_SEARCH_PATHS = (
					"$(inherited)",
					"@executable_path/Frameworks",
					"@loader_path/Frameworks",
				);
				PRODUCT_BUNDLE_IDENTIFIER = "io.raavaanan.Itunes-Top-AlbumTests";
				PRODUCT_NAME = "$(TARGET_NAME)";
				SWIFT_VERSION = 5.0;
				TARGETED_DEVICE_FAMILY = "1,2";
				TEST_HOST = "$(BUILT_PRODUCTS_DIR)/Itunes Top Album.app/Itunes Top Album";
			};
			name = Release;
		};
/* End XCBuildConfiguration section */

/* Begin XCConfigurationList section */
		BA1417C223D63DAF00CBD72E /* Build configuration list for PBXProject "Itunes Top Album" */ = {
			isa = XCConfigurationList;
			buildConfigurations = (
				BA1417E423D63DB200CBD72E /* Debug */,
				BA1417E523D63DB200CBD72E /* Release */,
			);
			defaultConfigurationIsVisible = 0;
			defaultConfigurationName = Release;
		};
		BA1417E623D63DB200CBD72E /* Build configuration list for PBXNativeTarget "Itunes Top Album" */ = {
			isa = XCConfigurationList;
			buildConfigurations = (
				BA1417E723D63DB200CBD72E /* Debug */,
				BA1417E823D63DB200CBD72E /* Release */,
			);
			defaultConfigurationIsVisible = 0;
			defaultConfigurationName = Release;
		};
		BA1417E923D63DB200CBD72E /* Build configuration list for PBXNativeTarget "Itunes Top AlbumTests" */ = {
			isa = XCConfigurationList;
			buildConfigurations = (
				BA1417EA23D63DB200CBD72E /* Debug */,
				BA1417EB23D63DB200CBD72E /* Release */,
			);
			defaultConfigurationIsVisible = 0;
			defaultConfigurationName = Release;
		};
/* End XCConfigurationList section */
	};
	rootObject = BA1417BF23D63DAF00CBD72E /* Project object */;
}
